{
    "version": 3,
    "terraform_version": "0.9.5",
    "serial": 8,
    "lineage": "7f73baa1-d822-4c3c-99de-0ca27db77407",
    "modules": [
        {
            "path": [
                "root"
            ],
            "outputs": {
                "ddb_table": {
                    "sensitive": false,
                    "type": "string",
                    "value": "demo-int-attendees"
                },
                "properties": {
                    "sensitive": false,
                    "type": "string",
                    "value": "ddbtable:demo-int-attendees,region:eu-west-1"
                },
                "sg_elb": {
                    "sensitive": false,
                    "type": "string",
                    "value": "sg-620ecb1a"
                },
                "sg_web": {
                    "sensitive": false,
                    "type": "string",
                    "value": "sg-3308cd4b"
                },
                "web_profile": {
                    "sensitive": false,
                    "type": "string",
                    "value": "profile_web_demo"
                }
            },
            "resources": {
                "aws_dynamodb_table.ddb": {
                    "type": "aws_dynamodb_table",
                    "depends_on": [],
                    "primary": {
                        "id": "demo-int-attendees",
                        "attributes": {
                            "arn": "arn:aws:dynamodb:eu-west-1:656801873655:table/demo-int-attendees",
                            "attribute.#": "2",
                            "attribute.3052306932.name": "lastname",
                            "attribute.3052306932.type": "S",
                            "attribute.3560438428.name": "firstname",
                            "attribute.3560438428.type": "S",
                            "global_secondary_index.#": "0",
                            "hash_key": "lastname",
                            "id": "demo-int-attendees",
                            "local_secondary_index.#": "0",
                            "name": "demo-int-attendees",
                            "range_key": "firstname",
                            "read_capacity": "100",
                            "write_capacity": "100"
                        },
                        "meta": {
                            "schema_version": "1"
                        },
                        "tainted": false
                    },
                    "deposed": [],
                    "provider": ""
                },
                "aws_iam_instance_profile.web": {
                    "type": "aws_iam_instance_profile",
                    "depends_on": [
                        "aws_iam_role.web"
                    ],
                    "primary": {
                        "id": "profile_web_demo",
                        "attributes": {
                            "arn": "arn:aws:iam::656801873655:instance-profile/profile_web_demo",
                            "id": "profile_web_demo",
                            "name": "profile_web_demo",
                            "path": "/",
                            "roles.#": "1",
                            "roles.949171300": "role_web_demo",
                            "unique_id": "AIPAI5OLCLAOMQFTN6GAW"
                        },
                        "meta": {},
                        "tainted": false
                    },
                    "deposed": [],
                    "provider": ""
                },
                "aws_iam_policy.ddb_read": {
                    "type": "aws_iam_policy",
                    "depends_on": [
                        "aws_dynamodb_table.ddb"
                    ],
                    "primary": {
                        "id": "arn:aws:iam::656801873655:policy/policy_ddb_demo",
                        "attributes": {
                            "arn": "arn:aws:iam::656801873655:policy/policy_ddb_demo",
                            "description": "Acess to attendee table",
                            "id": "arn:aws:iam::656801873655:policy/policy_ddb_demo",
                            "name": "policy_ddb_demo",
                            "path": "/",
                            "policy": "{\n    \"Statement\": [\n        {\n            \"Effect\":\"Allow\",\n            \"Action\":[\n                \"dynamodb:Query\",\n                \"dynamodb:Scan\",\n                \"dynamodb:DescribeTable\"\n            ],\n            \"Resource\": \"arn:aws:dynamodb:eu-west-1:656801873655:table/demo-int-attendees\"\n        }\n    ],\n    \"Version\": \"2012-10-17\"\n}\n"
                        },
                        "meta": {},
                        "tainted": false
                    },
                    "deposed": [],
                    "provider": ""
                },
                "aws_iam_policy_attachment.web": {
                    "type": "aws_iam_policy_attachment",
                    "depends_on": [
                        "aws_iam_policy.ddb_read",
                        "aws_iam_role.web"
                    ],
                    "primary": {
                        "id": "web_ddb_demo",
                        "attributes": {
                            "groups.#": "0",
                            "id": "web_ddb_demo",
                            "name": "web_ddb_demo",
                            "policy_arn": "arn:aws:iam::656801873655:policy/policy_ddb_demo",
                            "roles.#": "1",
                            "roles.949171300": "role_web_demo",
                            "users.#": "0"
                        },
                        "meta": {},
                        "tainted": false
                    },
                    "deposed": [],
                    "provider": ""
                },
                "aws_iam_role.web": {
                    "type": "aws_iam_role",
                    "depends_on": [],
                    "primary": {
                        "id": "role_web_demo",
                        "attributes": {
                            "arn": "arn:aws:iam::656801873655:role/role_web_demo",
                            "assume_role_policy": "{\"Version\":\"2012-10-17\",\"Statement\":[{\"Effect\":\"Allow\",\"Principal\":{\"Service\":\"ec2.amazonaws.com\"},\"Action\":\"sts:AssumeRole\"}]}",
                            "create_date": "2017-06-29T08:54:21Z",
                            "id": "role_web_demo",
                            "name": "role_web_demo",
                            "path": "/",
                            "unique_id": "AROAIURQBF7PIJI2MOCYS"
                        },
                        "meta": {},
                        "tainted": false
                    },
                    "deposed": [],
                    "provider": ""
                },
                "aws_security_group.elb": {
                    "type": "aws_security_group",
                    "depends_on": [
                        "data.terraform_remote_state.vpc"
                    ],
                    "primary": {
                        "id": "sg-620ecb1a",
                        "attributes": {
                            "description": "Allow traffic to ELB",
                            "egress.#": "1",
                            "egress.482069346.cidr_blocks.#": "1",
                            "egress.482069346.cidr_blocks.0": "0.0.0.0/0",
                            "egress.482069346.from_port": "0",
                            "egress.482069346.ipv6_cidr_blocks.#": "0",
                            "egress.482069346.prefix_list_ids.#": "0",
                            "egress.482069346.protocol": "-1",
                            "egress.482069346.security_groups.#": "0",
                            "egress.482069346.self": "false",
                            "egress.482069346.to_port": "0",
                            "id": "sg-620ecb1a",
                            "ingress.#": "1",
                            "ingress.2214680975.cidr_blocks.#": "1",
                            "ingress.2214680975.cidr_blocks.0": "0.0.0.0/0",
                            "ingress.2214680975.from_port": "80",
                            "ingress.2214680975.ipv6_cidr_blocks.#": "0",
                            "ingress.2214680975.protocol": "tcp",
                            "ingress.2214680975.security_groups.#": "0",
                            "ingress.2214680975.self": "false",
                            "ingress.2214680975.to_port": "80",
                            "name": "sg_elb_demo",
                            "owner_id": "656801873655",
                            "tags.%": "1",
                            "tags.Name": "sg_elb_api_demo",
                            "vpc_id": "vpc-23b61444"
                        },
                        "meta": {},
                        "tainted": false
                    },
                    "deposed": [],
                    "provider": ""
                },
                "aws_security_group.web": {
                    "type": "aws_security_group",
                    "depends_on": [
                        "aws_security_group.elb",
                        "data.terraform_remote_state.vpc"
                    ],
                    "primary": {
                        "id": "sg-3308cd4b",
                        "attributes": {
                            "description": "Allow traffic to web instances",
                            "egress.#": "1",
                            "egress.482069346.cidr_blocks.#": "1",
                            "egress.482069346.cidr_blocks.0": "0.0.0.0/0",
                            "egress.482069346.from_port": "0",
                            "egress.482069346.ipv6_cidr_blocks.#": "0",
                            "egress.482069346.prefix_list_ids.#": "0",
                            "egress.482069346.protocol": "-1",
                            "egress.482069346.security_groups.#": "0",
                            "egress.482069346.self": "false",
                            "egress.482069346.to_port": "0",
                            "id": "sg-3308cd4b",
                            "ingress.#": "1",
                            "ingress.960496701.cidr_blocks.#": "0",
                            "ingress.960496701.from_port": "80",
                            "ingress.960496701.ipv6_cidr_blocks.#": "0",
                            "ingress.960496701.protocol": "tcp",
                            "ingress.960496701.security_groups.#": "1",
                            "ingress.960496701.security_groups.4212981549": "sg-620ecb1a",
                            "ingress.960496701.self": "false",
                            "ingress.960496701.to_port": "80",
                            "name": "sg_web_demo",
                            "owner_id": "656801873655",
                            "tags.%": "1",
                            "tags.Name": "sg_web_demo",
                            "vpc_id": "vpc-23b61444"
                        },
                        "meta": {},
                        "tainted": false
                    },
                    "deposed": [],
                    "provider": ""
                },
                "data.terraform_remote_state.vpc": {
                    "type": "terraform_remote_state",
                    "depends_on": [],
                    "primary": {
                        "id": "2017-06-29 08:54:15.799911856 +0000 UTC",
                        "attributes": {
                            "azs": "eu-west-1a,eu-west-1b",
                            "backend": "s3",
                            "bastion": "54.154.62.220",
                            "config.%": "3",
                            "config.bucket": "ype-demo-veolia",
                            "config.key": "vpc/vpc.state",
                            "config.region": "eu-west-1",
                            "environment": "default",
                            "id": "2017-06-29 08:54:15.799911856 +0000 UTC",
                            "private_subnets": "subnet-3d9f395a,subnet-702a8639",
                            "public_subnets": "subnet-119c3a76,subnet-6d2f8324",
                            "region": "eu-west-1",
                            "sg_sshserver": "sg-c804c1b0",
                            "vpc_id": "vpc-23b61444"
                        },
                        "meta": {},
                        "tainted": false
                    },
                    "deposed": [],
                    "provider": ""
                }
            },
            "depends_on": []
        }
    ]
}
