{
    "version": 3,
    "terraform_version": "0.9.5",
    "serial": 19,
    "lineage": "1ffb33ef-e358-4897-8975-ab912f6fd7e3",
    "modules": [
        {
            "path": [
                "root"
            ],
            "outputs": {
                "azs": {
                    "sensitive": false,
                    "type": "string",
                    "value": "eu-west-1a,eu-west-1b"
                },
                "bastion": {
                    "sensitive": false,
                    "type": "string",
                    "value": "54.154.62.220"
                },
                "private_subnets": {
                    "sensitive": false,
                    "type": "string",
                    "value": "subnet-3d9f395a,subnet-702a8639"
                },
                "public_subnets": {
                    "sensitive": false,
                    "type": "string",
                    "value": "subnet-119c3a76,subnet-6d2f8324"
                },
                "region": {
                    "sensitive": false,
                    "type": "string",
                    "value": "eu-west-1"
                },
                "sg_sshserver": {
                    "sensitive": false,
                    "type": "string",
                    "value": "sg-c804c1b0"
                },
                "vpc_id": {
                    "sensitive": false,
                    "type": "string",
                    "value": "vpc-23b61444"
                }
            },
            "resources": {
                "aws_eip.nat": {
                    "type": "aws_eip",
                    "depends_on": [],
                    "primary": {
                        "id": "eipalloc-a43e789e",
                        "attributes": {
                            "association_id": "eipassoc-3dcb3100",
                            "domain": "vpc",
                            "id": "eipalloc-a43e789e",
                            "instance": "",
                            "network_interface": "eni-3d18f217",
                            "private_ip": "10.0.0.129",
                            "public_ip": "52.210.30.195",
                            "vpc": "true"
                        },
                        "meta": {},
                        "tainted": false
                    },
                    "deposed": [],
                    "provider": ""
                },
                "aws_instance.bastion": {
                    "type": "aws_instance",
                    "depends_on": [
                        "aws_security_group.bastion",
                        "aws_subnet.public"
                    ],
                    "primary": {
                        "id": "i-0c387ffd86ffef210",
                        "attributes": {
                            "ami": "ami-e31a6594",
                            "associate_public_ip_address": "true",
                            "availability_zone": "eu-west-1a",
                            "disable_api_termination": "false",
                            "ebs_block_device.#": "0",
                            "ebs_optimized": "false",
                            "ephemeral_block_device.#": "0",
                            "iam_instance_profile": "",
                            "id": "i-0c387ffd86ffef210",
                            "instance_state": "running",
                            "instance_type": "t2.nano",
                            "ipv6_address_count": "0",
                            "ipv6_addresses.#": "0",
                            "key_name": "admin",
                            "monitoring": "false",
                            "network_interface.#": "0",
                            "network_interface_id": "eni-3918f213",
                            "primary_network_interface_id": "eni-3918f213",
                            "private_dns": "ip-10-0-0-116.eu-west-1.compute.internal",
                            "private_ip": "10.0.0.116",
                            "public_dns": "",
                            "public_ip": "54.154.62.220",
                            "root_block_device.#": "1",
                            "root_block_device.0.delete_on_termination": "true",
                            "root_block_device.0.iops": "0",
                            "root_block_device.0.volume_size": "8",
                            "root_block_device.0.volume_type": "standard",
                            "security_groups.#": "0",
                            "source_dest_check": "true",
                            "subnet_id": "subnet-119c3a76",
                            "tags.%": "1",
                            "tags.Name": "bastion",
                            "tenancy": "default",
                            "volume_tags.%": "0",
                            "vpc_security_group_ids.#": "1",
                            "vpc_security_group_ids.3351171971": "sg-5200c52a"
                        },
                        "meta": {
                            "schema_version": "1"
                        },
                        "tainted": false
                    },
                    "deposed": [],
                    "provider": ""
                },
                "aws_internet_gateway.gw": {
                    "type": "aws_internet_gateway",
                    "depends_on": [
                        "aws_vpc.main"
                    ],
                    "primary": {
                        "id": "igw-e1fbb785",
                        "attributes": {
                            "id": "igw-e1fbb785",
                            "tags.%": "1",
                            "tags.Name": "demo-gfi igw",
                            "vpc_id": "vpc-23b61444"
                        },
                        "meta": {},
                        "tainted": false
                    },
                    "deposed": [],
                    "provider": ""
                },
                "aws_nat_gateway.gw": {
                    "type": "aws_nat_gateway",
                    "depends_on": [
                        "aws_eip.nat",
                        "aws_subnet.public"
                    ],
                    "primary": {
                        "id": "nat-0b705d796a167d476",
                        "attributes": {
                            "allocation_id": "eipalloc-a43e789e",
                            "id": "nat-0b705d796a167d476",
                            "network_interface_id": "eni-3d18f217",
                            "private_ip": "10.0.0.129",
                            "public_ip": "52.210.30.195",
                            "subnet_id": "subnet-119c3a76"
                        },
                        "meta": {},
                        "tainted": false
                    },
                    "deposed": [],
                    "provider": ""
                },
                "aws_route_table.private": {
                    "type": "aws_route_table",
                    "depends_on": [
                        "aws_nat_gateway.gw",
                        "aws_vpc.main"
                    ],
                    "primary": {
                        "id": "rtb-8b2812ec",
                        "attributes": {
                            "id": "rtb-8b2812ec",
                            "propagating_vgws.#": "0",
                            "route.#": "1",
                            "route.764485258.cidr_block": "0.0.0.0/0",
                            "route.764485258.egress_only_gateway_id": "",
                            "route.764485258.gateway_id": "",
                            "route.764485258.instance_id": "",
                            "route.764485258.ipv6_cidr_block": "",
                            "route.764485258.nat_gateway_id": "nat-0b705d796a167d476",
                            "route.764485258.network_interface_id": "",
                            "route.764485258.vpc_peering_connection_id": "",
                            "tags.%": "1",
                            "tags.Name": "demo-gfi Private Route",
                            "vpc_id": "vpc-23b61444"
                        },
                        "meta": {},
                        "tainted": false
                    },
                    "deposed": [],
                    "provider": ""
                },
                "aws_route_table.public": {
                    "type": "aws_route_table",
                    "depends_on": [
                        "aws_internet_gateway.gw",
                        "aws_vpc.main"
                    ],
                    "primary": {
                        "id": "rtb-662e1401",
                        "attributes": {
                            "id": "rtb-662e1401",
                            "propagating_vgws.#": "0",
                            "route.#": "1",
                            "route.3026627678.cidr_block": "0.0.0.0/0",
                            "route.3026627678.egress_only_gateway_id": "",
                            "route.3026627678.gateway_id": "igw-e1fbb785",
                            "route.3026627678.instance_id": "",
                            "route.3026627678.ipv6_cidr_block": "",
                            "route.3026627678.nat_gateway_id": "",
                            "route.3026627678.network_interface_id": "",
                            "route.3026627678.vpc_peering_connection_id": "",
                            "tags.%": "1",
                            "tags.Name": "demo-gfi public route",
                            "vpc_id": "vpc-23b61444"
                        },
                        "meta": {},
                        "tainted": false
                    },
                    "deposed": [],
                    "provider": ""
                },
                "aws_route_table_association.rtap.0": {
                    "type": "aws_route_table_association",
                    "depends_on": [
                        "aws_route_table.public",
                        "aws_subnet.public.*"
                    ],
                    "primary": {
                        "id": "rtbassoc-5d31143b",
                        "attributes": {
                            "id": "rtbassoc-5d31143b",
                            "route_table_id": "rtb-662e1401",
                            "subnet_id": "subnet-119c3a76"
                        },
                        "meta": {},
                        "tainted": false
                    },
                    "deposed": [],
                    "provider": ""
                },
                "aws_route_table_association.rtap.1": {
                    "type": "aws_route_table_association",
                    "depends_on": [
                        "aws_route_table.public",
                        "aws_subnet.public.*"
                    ],
                    "primary": {
                        "id": "rtbassoc-02301564",
                        "attributes": {
                            "id": "rtbassoc-02301564",
                            "route_table_id": "rtb-662e1401",
                            "subnet_id": "subnet-6d2f8324"
                        },
                        "meta": {},
                        "tainted": false
                    },
                    "deposed": [],
                    "provider": ""
                },
                "aws_route_table_association.rtaprv.0": {
                    "type": "aws_route_table_association",
                    "depends_on": [
                        "aws_route_table.private",
                        "aws_subnet.private.*"
                    ],
                    "primary": {
                        "id": "rtbassoc-0830156e",
                        "attributes": {
                            "id": "rtbassoc-0830156e",
                            "route_table_id": "rtb-8b2812ec",
                            "subnet_id": "subnet-3d9f395a"
                        },
                        "meta": {},
                        "tainted": false
                    },
                    "deposed": [],
                    "provider": ""
                },
                "aws_route_table_association.rtaprv.1": {
                    "type": "aws_route_table_association",
                    "depends_on": [
                        "aws_route_table.private",
                        "aws_subnet.private.*"
                    ],
                    "primary": {
                        "id": "rtbassoc-8f3613e9",
                        "attributes": {
                            "id": "rtbassoc-8f3613e9",
                            "route_table_id": "rtb-8b2812ec",
                            "subnet_id": "subnet-702a8639"
                        },
                        "meta": {},
                        "tainted": false
                    },
                    "deposed": [],
                    "provider": ""
                },
                "aws_security_group.bastion": {
                    "type": "aws_security_group",
                    "depends_on": [
                        "aws_vpc.main"
                    ],
                    "primary": {
                        "id": "sg-5200c52a",
                        "attributes": {
                            "description": "Allow all ssh from trusted networks",
                            "egress.#": "1",
                            "egress.482069346.cidr_blocks.#": "1",
                            "egress.482069346.cidr_blocks.0": "0.0.0.0/0",
                            "egress.482069346.from_port": "0",
                            "egress.482069346.ipv6_cidr_blocks.#": "0",
                            "egress.482069346.prefix_list_ids.#": "0",
                            "egress.482069346.protocol": "-1",
                            "egress.482069346.security_groups.#": "0",
                            "egress.482069346.self": "false",
                            "egress.482069346.to_port": "0",
                            "id": "sg-5200c52a",
                            "ingress.#": "1",
                            "ingress.4196929564.cidr_blocks.#": "1",
                            "ingress.4196929564.cidr_blocks.0": "109.28.19.33/32",
                            "ingress.4196929564.from_port": "22",
                            "ingress.4196929564.ipv6_cidr_blocks.#": "0",
                            "ingress.4196929564.protocol": "tcp",
                            "ingress.4196929564.security_groups.#": "0",
                            "ingress.4196929564.self": "false",
                            "ingress.4196929564.to_port": "22",
                            "name": "demo-gfi-bastion",
                            "owner_id": "656801873655",
                            "tags.%": "1",
                            "tags.Name": "demo-gfi Bastion",
                            "vpc_id": "vpc-23b61444"
                        },
                        "meta": {},
                        "tainted": false
                    },
                    "deposed": [],
                    "provider": ""
                },
                "aws_security_group.sshserver": {
                    "type": "aws_security_group",
                    "depends_on": [
                        "aws_security_group.bastion",
                        "aws_vpc.main"
                    ],
                    "primary": {
                        "id": "sg-c804c1b0",
                        "attributes": {
                            "description": "Allow all ssh from bastion",
                            "egress.#": "1",
                            "egress.482069346.cidr_blocks.#": "1",
                            "egress.482069346.cidr_blocks.0": "0.0.0.0/0",
                            "egress.482069346.from_port": "0",
                            "egress.482069346.ipv6_cidr_blocks.#": "0",
                            "egress.482069346.prefix_list_ids.#": "0",
                            "egress.482069346.protocol": "-1",
                            "egress.482069346.security_groups.#": "0",
                            "egress.482069346.self": "false",
                            "egress.482069346.to_port": "0",
                            "id": "sg-c804c1b0",
                            "ingress.#": "1",
                            "ingress.3197662539.cidr_blocks.#": "0",
                            "ingress.3197662539.from_port": "22",
                            "ingress.3197662539.ipv6_cidr_blocks.#": "0",
                            "ingress.3197662539.protocol": "tcp",
                            "ingress.3197662539.security_groups.#": "1",
                            "ingress.3197662539.security_groups.3351171971": "sg-5200c52a",
                            "ingress.3197662539.self": "false",
                            "ingress.3197662539.to_port": "22",
                            "name": "demo-gfi-sshserver",
                            "owner_id": "656801873655",
                            "tags.%": "1",
                            "tags.Name": "demo-gfi SSH server",
                            "vpc_id": "vpc-23b61444"
                        },
                        "meta": {},
                        "tainted": false
                    },
                    "deposed": [],
                    "provider": ""
                },
                "aws_subnet.private.0": {
                    "type": "aws_subnet",
                    "depends_on": [
                        "aws_vpc.main"
                    ],
                    "primary": {
                        "id": "subnet-3d9f395a",
                        "attributes": {
                            "assign_ipv6_address_on_creation": "false",
                            "availability_zone": "eu-west-1a",
                            "cidr_block": "10.0.4.0/24",
                            "id": "subnet-3d9f395a",
                            "map_public_ip_on_launch": "false",
                            "tags.%": "1",
                            "tags.Name": "demo-gfi private subnet 0",
                            "vpc_id": "vpc-23b61444"
                        },
                        "meta": {
                            "schema_version": "1"
                        },
                        "tainted": false
                    },
                    "deposed": [],
                    "provider": ""
                },
                "aws_subnet.private.1": {
                    "type": "aws_subnet",
                    "depends_on": [
                        "aws_vpc.main"
                    ],
                    "primary": {
                        "id": "subnet-702a8639",
                        "attributes": {
                            "assign_ipv6_address_on_creation": "false",
                            "availability_zone": "eu-west-1b",
                            "cidr_block": "10.0.5.0/24",
                            "id": "subnet-702a8639",
                            "map_public_ip_on_launch": "false",
                            "tags.%": "1",
                            "tags.Name": "demo-gfi private subnet 1",
                            "vpc_id": "vpc-23b61444"
                        },
                        "meta": {
                            "schema_version": "1"
                        },
                        "tainted": false
                    },
                    "deposed": [],
                    "provider": ""
                },
                "aws_subnet.public.0": {
                    "type": "aws_subnet",
                    "depends_on": [
                        "aws_vpc.main"
                    ],
                    "primary": {
                        "id": "subnet-119c3a76",
                        "attributes": {
                            "assign_ipv6_address_on_creation": "false",
                            "availability_zone": "eu-west-1a",
                            "cidr_block": "10.0.0.0/24",
                            "id": "subnet-119c3a76",
                            "map_public_ip_on_launch": "true",
                            "tags.%": "1",
                            "tags.Name": "demo-gfi public subnet 0",
                            "vpc_id": "vpc-23b61444"
                        },
                        "meta": {
                            "schema_version": "1"
                        },
                        "tainted": false
                    },
                    "deposed": [],
                    "provider": ""
                },
                "aws_subnet.public.1": {
                    "type": "aws_subnet",
                    "depends_on": [
                        "aws_vpc.main"
                    ],
                    "primary": {
                        "id": "subnet-6d2f8324",
                        "attributes": {
                            "assign_ipv6_address_on_creation": "false",
                            "availability_zone": "eu-west-1b",
                            "cidr_block": "10.0.1.0/24",
                            "id": "subnet-6d2f8324",
                            "map_public_ip_on_launch": "true",
                            "tags.%": "1",
                            "tags.Name": "demo-gfi public subnet 1",
                            "vpc_id": "vpc-23b61444"
                        },
                        "meta": {
                            "schema_version": "1"
                        },
                        "tainted": false
                    },
                    "deposed": [],
                    "provider": ""
                },
                "aws_vpc.main": {
                    "type": "aws_vpc",
                    "depends_on": [],
                    "primary": {
                        "id": "vpc-23b61444",
                        "attributes": {
                            "assign_generated_ipv6_cidr_block": "false",
                            "cidr_block": "10.0.0.0/16",
                            "default_network_acl_id": "acl-bf0172d8",
                            "default_route_table_id": "rtb-672e1400",
                            "default_security_group_id": "sg-e905c091",
                            "dhcp_options_id": "dopt-61dac403",
                            "enable_classiclink": "false",
                            "enable_dns_hostnames": "false",
                            "enable_dns_support": "true",
                            "id": "vpc-23b61444",
                            "instance_tenancy": "default",
                            "main_route_table_id": "rtb-672e1400",
                            "tags.%": "1",
                            "tags.Name": "demo-gfi"
                        },
                        "meta": {
                            "schema_version": "1"
                        },
                        "tainted": false
                    },
                    "deposed": [],
                    "provider": ""
                }
            },
            "depends_on": []
        }
    ]
}
