{
    "version": 3,
    "terraform_version": "0.9.5",
    "serial": 14,
    "lineage": "4122834a-d260-4e71-8482-99f43ea76286",
    "modules": [
        {
            "path": [
                "root"
            ],
            "outputs": {
                "elb": {
                    "sensitive": false,
                    "type": "string",
                    "value": "webdemo-1353315855.eu-west-1.elb.amazonaws.com"
                }
            },
            "resources": {
                "aws_autoscaling_group.web_asg": {
                    "type": "aws_autoscaling_group",
                    "depends_on": [],
                    "primary": {
                        "id": "asg-lc-web-demo-005f8218c908e4481882fbd669",
                        "attributes": {
                            "arn": "arn:aws:autoscaling:eu-west-1:656801873655:autoScalingGroup:0ed0b7a3-ec4b-49fe-8e63-ec6d21bf3fdf:autoScalingGroupName/asg-lc-web-demo-005f8218c908e4481882fbd669",
                            "availability_zones.#": "2",
                            "availability_zones.1924028850": "eu-west-1b",
                            "availability_zones.3953592328": "eu-west-1a",
                            "default_cooldown": "300",
                            "desired_capacity": "2",
                            "force_delete": "false",
                            "health_check_grace_period": "300",
                            "health_check_type": "EC2",
                            "id": "asg-lc-web-demo-005f8218c908e4481882fbd669",
                            "launch_configuration": "lc-web-demo-005f8218c908e4481882fbd669",
                            "load_balancers.#": "1",
                            "load_balancers.4167994275": "webdemo",
                            "max_size": "2",
                            "metrics_granularity": "1Minute",
                            "min_elb_capacity": "2",
                            "min_size": "2",
                            "name": "asg-lc-web-demo-005f8218c908e4481882fbd669",
                            "placement_group": "",
                            "protect_from_scale_in": "false",
                            "suspended_processes.#": "0",
                            "tag.#": "2",
                            "tag.548974968.key": "Commit",
                            "tag.548974968.propagate_at_launch": "true",
                            "tag.548974968.value": "1e77a8d",
                            "tag.80094579.key": "Name",
                            "tag.80094579.propagate_at_launch": "true",
                            "tag.80094579.value": "Web-demo",
                            "target_group_arns.#": "0",
                            "termination_policies.#": "0",
                            "vpc_zone_identifier.#": "2",
                            "vpc_zone_identifier.3161536189": "subnet-3d9f395a",
                            "vpc_zone_identifier.3639699276": "subnet-702a8639",
                            "wait_for_capacity_timeout": "10m"
                        },
                        "meta": {},
                        "tainted": false
                    },
                    "deposed": [],
                    "provider": ""
                },
                "aws_elb.web": {
                    "type": "aws_elb",
                    "depends_on": [
                        "data.terraform_remote_state.backends",
                        "data.terraform_remote_state.vpc"
                    ],
                    "primary": {
                        "id": "webdemo",
                        "attributes": {
                            "access_logs.#": "0",
                            "availability_zones.#": "2",
                            "availability_zones.1924028850": "eu-west-1b",
                            "availability_zones.3953592328": "eu-west-1a",
                            "connection_draining": "false",
                            "connection_draining_timeout": "300",
                            "cross_zone_load_balancing": "true",
                            "dns_name": "webdemo-1353315855.eu-west-1.elb.amazonaws.com",
                            "health_check.#": "1",
                            "health_check.0.healthy_threshold": "2",
                            "health_check.0.interval": "5",
                            "health_check.0.target": "HTTP:80/index.php",
                            "health_check.0.timeout": "2",
                            "health_check.0.unhealthy_threshold": "2",
                            "id": "webdemo",
                            "idle_timeout": "60",
                            "instances.#": "2",
                            "instances.1902023076": "i-033f6ec5284cf3d11",
                            "instances.975997468": "i-0d19d41fbd030e084",
                            "internal": "false",
                            "listener.#": "1",
                            "listener.3057123346.instance_port": "80",
                            "listener.3057123346.instance_protocol": "http",
                            "listener.3057123346.lb_port": "80",
                            "listener.3057123346.lb_protocol": "http",
                            "listener.3057123346.ssl_certificate_id": "",
                            "name": "webdemo",
                            "security_groups.#": "1",
                            "security_groups.4212981549": "sg-620ecb1a",
                            "source_security_group": "656801873655/sg_elb_demo",
                            "source_security_group_id": "sg-620ecb1a",
                            "subnets.#": "2",
                            "subnets.276887921": "subnet-6d2f8324",
                            "subnets.3805258109": "subnet-119c3a76",
                            "tags.%": "1",
                            "tags.Name": "web-demo",
                            "zone_id": "Z32O12XQLNTSW2"
                        },
                        "meta": {},
                        "tainted": false
                    },
                    "deposed": [],
                    "provider": ""
                },
                "aws_launch_configuration.web": {
                    "type": "aws_launch_configuration",
                    "depends_on": [],
                    "primary": {
                        "id": "lc-web-demo-005f8218c908e4481882fbd669",
                        "attributes": {
                            "associate_public_ip_address": "false",
                            "ebs_block_device.#": "0",
                            "ebs_optimized": "false",
                            "enable_monitoring": "true",
                            "ephemeral_block_device.#": "0",
                            "iam_instance_profile": "profile_web_demo",
                            "id": "lc-web-demo-005f8218c908e4481882fbd669",
                            "image_id": "ami-aaf612d3",
                            "instance_type": "t2.micro",
                            "key_name": "admin",
                            "name": "lc-web-demo-005f8218c908e4481882fbd669",
                            "name_prefix": "lc-web-demo-",
                            "root_block_device.#": "0",
                            "security_groups.#": "2",
                            "security_groups.2765702310": "sg-c804c1b0",
                            "security_groups.905652426": "sg-3308cd4b",
                            "spot_price": "",
                            "user_data": "329461b25ad8128d480915a1b3b97117a54ec6d1",
                            "vpc_classic_link_id": "",
                            "vpc_classic_link_security_groups.#": "0"
                        },
                        "meta": {},
                        "tainted": false
                    },
                    "deposed": [],
                    "provider": ""
                },
                "data.terraform_remote_state.backends": {
                    "type": "terraform_remote_state",
                    "depends_on": [],
                    "primary": {
                        "id": "2017-06-29 09:21:26.186733432 +0000 UTC",
                        "attributes": {
                            "backend": "s3",
                            "config.%": "3",
                            "config.bucket": "ype-demo-veolia",
                            "config.key": "backend/backend.state",
                            "config.region": "eu-west-1",
                            "ddb_table": "demo-int-attendees",
                            "environment": "default",
                            "id": "2017-06-29 09:21:26.186733432 +0000 UTC",
                            "properties": "ddbtable:demo-int-attendees,region:eu-west-1",
                            "sg_elb": "sg-620ecb1a",
                            "sg_web": "sg-3308cd4b",
                            "web_profile": "profile_web_demo"
                        },
                        "meta": {},
                        "tainted": false
                    },
                    "deposed": [],
                    "provider": ""
                },
                "data.terraform_remote_state.vpc": {
                    "type": "terraform_remote_state",
                    "depends_on": [],
                    "primary": {
                        "id": "2017-06-29 09:21:26.326312748 +0000 UTC",
                        "attributes": {
                            "azs": "eu-west-1a,eu-west-1b",
                            "backend": "s3",
                            "bastion": "54.154.62.220",
                            "config.%": "3",
                            "config.bucket": "ype-demo-veolia",
                            "config.key": "vpc/vpc.state",
                            "config.region": "eu-west-1",
                            "environment": "default",
                            "id": "2017-06-29 09:21:26.326312748 +0000 UTC",
                            "private_subnets": "subnet-3d9f395a,subnet-702a8639",
                            "public_subnets": "subnet-119c3a76,subnet-6d2f8324",
                            "region": "eu-west-1",
                            "sg_sshserver": "sg-c804c1b0",
                            "vpc_id": "vpc-23b61444"
                        },
                        "meta": {},
                        "tainted": false
                    },
                    "deposed": [],
                    "provider": ""
                },
                "template_file.user_data": {
                    "type": "template_file",
                    "depends_on": [
                        "data.terraform_remote_state.backends"
                    ],
                    "primary": {
                        "id": "7a776ddb305792d0174c0f7c6e13a856c039051df7574037d957fed28e17f748",
                        "attributes": {
                            "id": "7a776ddb305792d0174c0f7c6e13a856c039051df7574037d957fed28e17f748",
                            "rendered": "#!/bin/bash\nrm /var/www/html/application.properties\nfor var in $(echo environment:Integration,version:Grey ddbtable:demo-int-attendees,region:eu-west-1 | tr ',' ' ')\ndo\n  variable=${var%:*}\n  value=${var##*:}\n  echo $variable = $value \u003e\u003e /var/www/html/application.properties\ndone\n",
                            "template": "#!/bin/bash\nrm /var/www/html/application.properties\nfor var in $(echo ${properties} ${backend_properties} | tr ',' ' ')\ndo\n  variable=$${var%:*}\n  value=$${var##*:}\n  echo $$variable = $$value \u003e\u003e /var/www/html/application.properties\ndone\n",
                            "vars.%": "2",
                            "vars.backend_properties": "ddbtable:demo-int-attendees,region:eu-west-1",
                            "vars.properties": "environment:Integration,version:Grey"
                        },
                        "meta": {},
                        "tainted": false
                    },
                    "deposed": [],
                    "provider": ""
                }
            },
            "depends_on": []
        }
    ]
}
